// !$*UTF8*$!
{
	archiveVersion = 1;
	classes = {
	};
	objectVersion = 46;
	objects = {

/* Begin PBXBuildFile section */
		195555021BF7B24000873A7C /* Bolts.framework in Frameworks */ = {isa = PBXBuildFile; fileRef = 195555001BF7B24000873A7C /* Bolts.framework */; };
		195555031BF7B24000873A7C /* Parse.framework in Frameworks */ = {isa = PBXBuildFile; fileRef = 195555011BF7B24000873A7C /* Parse.framework */; };
		1955550E1BF7B76900873A7C /* FacebookSDKStrings.bundle in Resources */ = {isa = PBXBuildFile; fileRef = 195555081BF7B76900873A7C /* FacebookSDKStrings.bundle */; };
		1955550F1BF7B76900873A7C /* FBAudienceNetwork.framework in Frameworks */ = {isa = PBXBuildFile; fileRef = 195555091BF7B76900873A7C /* FBAudienceNetwork.framework */; };
		195555101BF7B76900873A7C /* FBSDKCoreKit.framework in Frameworks */ = {isa = PBXBuildFile; fileRef = 1955550A1BF7B76900873A7C /* FBSDKCoreKit.framework */; };
		195555111BF7B76900873A7C /* FBSDKLoginKit.framework in Frameworks */ = {isa = PBXBuildFile; fileRef = 1955550B1BF7B76900873A7C /* FBSDKLoginKit.framework */; };
		195555121BF7B76900873A7C /* FBSDKMessengerShareKit.framework in Frameworks */ = {isa = PBXBuildFile; fileRef = 1955550C1BF7B76900873A7C /* FBSDKMessengerShareKit.framework */; };
		195555131BF7B76900873A7C /* FBSDKShareKit.framework in Frameworks */ = {isa = PBXBuildFile; fileRef = 1955550D1BF7B76900873A7C /* FBSDKShareKit.framework */; };
		195555151BF7B79100873A7C /* ParseFacebookUtilsV4.framework in Frameworks */ = {isa = PBXBuildFile; fileRef = 195555141BF7B79100873A7C /* ParseFacebookUtilsV4.framework */; };
		195555171BF7B83100873A7C /* ParseUI.framework in Frameworks */ = {isa = PBXBuildFile; fileRef = 195555161BF7B83100873A7C /* ParseUI.framework */; };
		1955551B1BF7BCC000873A7C /* libsqlite3.tbd in Frameworks */ = {isa = PBXBuildFile; fileRef = 1955551A1BF7BCC000873A7C /* libsqlite3.tbd */; };
		1955551D1BF7BCD300873A7C /* libstdc++.6.tbd in Frameworks */ = {isa = PBXBuildFile; fileRef = 1955551C1BF7BCD300873A7C /* libstdc++.6.tbd */; };
		1955551F1BF7BD0500873A7C /* libsqlite3.0.tbd in Frameworks */ = {isa = PBXBuildFile; fileRef = 1955551E1BF7BD0500873A7C /* libsqlite3.0.tbd */; };
		195555211BF7BD1F00873A7C /* AudioToolbox.framework in Frameworks */ = {isa = PBXBuildFile; fileRef = 195555201BF7BD1F00873A7C /* AudioToolbox.framework */; };
		195555231BF7BD8900873A7C /* SystemConfiguration.framework in Frameworks */ = {isa = PBXBuildFile; fileRef = 195555221BF7BD8900873A7C /* SystemConfiguration.framework */; };
		195555251BF7C9E800873A7C /* MainViewController.swift in Sources */ = {isa = PBXBuildFile; fileRef = 195555241BF7C9E800873A7C /* MainViewController.swift */; };
		195555291BF7CF2300873A7C /* GameMapViewController.swift in Sources */ = {isa = PBXBuildFile; fileRef = 195555281BF7CF2300873A7C /* GameMapViewController.swift */; };
		1955552B1BF7CF4D00873A7C /* BaseLoginViewController.swift in Sources */ = {isa = PBXBuildFile; fileRef = 1955552A1BF7CF4D00873A7C /* BaseLoginViewController.swift */; };
		1955552D1BF7D05500873A7C /* AssassinMapView.swift in Sources */ = {isa = PBXBuildFile; fileRef = 1955552C1BF7D05500873A7C /* AssassinMapView.swift */; };
		195555301BF7D09F00873A7C /* Victim.swift in Sources */ = {isa = PBXBuildFile; fileRef = 1955552F1BF7D09F00873A7C /* Victim.swift */; };
		195555321BF7D0A700873A7C /* Assassin.swift in Sources */ = {isa = PBXBuildFile; fileRef = 195555311BF7D0A700873A7C /* Assassin.swift */; };
		195555341BF7D0B800873A7C /* SafePlace.swift in Sources */ = {isa = PBXBuildFile; fileRef = 195555331BF7D0B800873A7C /* SafePlace.swift */; };
		195555361BF7D12200873A7C /* BaseMapView.swift in Sources */ = {isa = PBXBuildFile; fileRef = 195555351BF7D12200873A7C /* BaseMapView.swift */; };
		195555381BF7D4BC00873A7C /* GlobalConstantsSwift.swift in Sources */ = {isa = PBXBuildFile; fileRef = 195555371BF7D4BC00873A7C /* GlobalConstantsSwift.swift */; };
		1955553A1BF7D59200873A7C /* VictimAnnotation.swift in Sources */ = {isa = PBXBuildFile; fileRef = 195555391BF7D59200873A7C /* VictimAnnotation.swift */; };
		1955553D1BF7DE1800873A7C /* GeolocationHelper.m in Sources */ = {isa = PBXBuildFile; fileRef = 1955553C1BF7DE1800873A7C /* GeolocationHelper.m */; };
		1955553F1BF7DE5700873A7C /* CoreGraphics.framework in Frameworks */ = {isa = PBXBuildFile; fileRef = 1955553E1BF7DE5700873A7C /* CoreGraphics.framework */; };
		19F8F31D1BF7A2B5009F199B /* AppDelegate.swift in Sources */ = {isa = PBXBuildFile; fileRef = 19F8F31C1BF7A2B5009F199B /* AppDelegate.swift */; };
		19F8F31F1BF7A2B5009F199B /* LoginViewController.swift in Sources */ = {isa = PBXBuildFile; fileRef = 19F8F31E1BF7A2B5009F199B /* LoginViewController.swift */; };
		19F8F3221BF7A2B5009F199B /* Main.storyboard in Resources */ = {isa = PBXBuildFile; fileRef = 19F8F3201BF7A2B5009F199B /* Main.storyboard */; };
		19F8F3251BF7A2B5009F199B /* AssassinVictim.xcdatamodeld in Sources */ = {isa = PBXBuildFile; fileRef = 19F8F3231BF7A2B5009F199B /* AssassinVictim.xcdatamodeld */; };
		19F8F3271BF7A2B5009F199B /* Assets.xcassets in Resources */ = {isa = PBXBuildFile; fileRef = 19F8F3261BF7A2B5009F199B /* Assets.xcassets */; };
		19F8F32A1BF7A2B5009F199B /* LaunchScreen.storyboard in Resources */ = {isa = PBXBuildFile; fileRef = 19F8F3281BF7A2B5009F199B /* LaunchScreen.storyboard */; };
		19F8F3351BF7A2B6009F199B /* AssassinVictimTests.swift in Sources */ = {isa = PBXBuildFile; fileRef = 19F8F3341BF7A2B6009F199B /* AssassinVictimTests.swift */; };
		19F8F3401BF7A2B6009F199B /* AssassinVictimUITests.swift in Sources */ = {isa = PBXBuildFile; fileRef = 19F8F33F1BF7A2B6009F199B /* AssassinVictimUITests.swift */; };
/* End PBXBuildFile section */

/* Begin PBXContainerItemProxy section */
		19F8F3311BF7A2B6009F199B /* PBXContainerItemProxy */ = {
			isa = PBXContainerItemProxy;
			containerPortal = 19F8F3111BF7A2B5009F199B /* Project object */;
			proxyType = 1;
			remoteGlobalIDString = 19F8F3181BF7A2B5009F199B;
			remoteInfo = AssassinVictim;
		};
		19F8F33C1BF7A2B6009F199B /* PBXContainerItemProxy */ = {
			isa = PBXContainerItemProxy;
			containerPortal = 19F8F3111BF7A2B5009F199B /* Project object */;
			proxyType = 1;
			remoteGlobalIDString = 19F8F3181BF7A2B5009F199B;
			remoteInfo = AssassinVictim;
		};
/* End PBXContainerItemProxy section */

/* Begin PBXFileReference section */
		195555001BF7B24000873A7C /* Bolts.framework */ = {isa = PBXFileReference; lastKnownFileType = wrapper.framework; path = Bolts.framework; sourceTree = "<group>"; };
		195555011BF7B24000873A7C /* Parse.framework */ = {isa = PBXFileReference; lastKnownFileType = wrapper.framework; path = Parse.framework; sourceTree = "<group>"; };
		195555071BF7B68400873A7C /* AssassinVictim-Bridging-Header.h */ = {isa = PBXFileReference; fileEncoding = 4; lastKnownFileType = sourcecode.c.h; path = "AssassinVictim-Bridging-Header.h"; sourceTree = "<group>"; };
		195555081BF7B76900873A7C /* FacebookSDKStrings.bundle */ = {isa = PBXFileReference; lastKnownFileType = "wrapper.plug-in"; path = FacebookSDKStrings.bundle; sourceTree = "<group>"; };
		195555091BF7B76900873A7C /* FBAudienceNetwork.framework */ = {isa = PBXFileReference; lastKnownFileType = wrapper.framework; path = FBAudienceNetwork.framework; sourceTree = "<group>"; };
		1955550A1BF7B76900873A7C /* FBSDKCoreKit.framework */ = {isa = PBXFileReference; lastKnownFileType = wrapper.framework; path = FBSDKCoreKit.framework; sourceTree = "<group>"; };
		1955550B1BF7B76900873A7C /* FBSDKLoginKit.framework */ = {isa = PBXFileReference; lastKnownFileType = wrapper.framework; path = FBSDKLoginKit.framework; sourceTree = "<group>"; };
		1955550C1BF7B76900873A7C /* FBSDKMessengerShareKit.framework */ = {isa = PBXFileReference; lastKnownFileType = wrapper.framework; path = FBSDKMessengerShareKit.framework; sourceTree = "<group>"; };
		1955550D1BF7B76900873A7C /* FBSDKShareKit.framework */ = {isa = PBXFileReference; lastKnownFileType = wrapper.framework; path = FBSDKShareKit.framework; sourceTree = "<group>"; };
		195555141BF7B79100873A7C /* ParseFacebookUtilsV4.framework */ = {isa = PBXFileReference; lastKnownFileType = wrapper.framework; path = ParseFacebookUtilsV4.framework; sourceTree = "<group>"; };
		195555161BF7B83100873A7C /* ParseUI.framework */ = {isa = PBXFileReference; lastKnownFileType = wrapper.framework; path = ParseUI.framework; sourceTree = "<group>"; };
		1955551A1BF7BCC000873A7C /* libsqlite3.tbd */ = {isa = PBXFileReference; lastKnownFileType = "sourcecode.text-based-dylib-definition"; name = libsqlite3.tbd; path = usr/lib/libsqlite3.tbd; sourceTree = SDKROOT; };
		1955551C1BF7BCD300873A7C /* libstdc++.6.tbd */ = {isa = PBXFileReference; lastKnownFileType = "sourcecode.text-based-dylib-definition"; name = "libstdc++.6.tbd"; path = "usr/lib/libstdc++.6.tbd"; sourceTree = SDKROOT; };
		1955551E1BF7BD0500873A7C /* libsqlite3.0.tbd */ = {isa = PBXFileReference; lastKnownFileType = "sourcecode.text-based-dylib-definition"; name = libsqlite3.0.tbd; path = usr/lib/libsqlite3.0.tbd; sourceTree = SDKROOT; };
		195555201BF7BD1F00873A7C /* AudioToolbox.framework */ = {isa = PBXFileReference; lastKnownFileType = wrapper.framework; name = AudioToolbox.framework; path = System/Library/Frameworks/AudioToolbox.framework; sourceTree = SDKROOT; };
		195555221BF7BD8900873A7C /* SystemConfiguration.framework */ = {isa = PBXFileReference; lastKnownFileType = wrapper.framework; name = SystemConfiguration.framework; path = System/Library/Frameworks/SystemConfiguration.framework; sourceTree = SDKROOT; };
		195555241BF7C9E800873A7C /* MainViewController.swift */ = {isa = PBXFileReference; fileEncoding = 4; lastKnownFileType = sourcecode.swift; path = MainViewController.swift; sourceTree = "<group>"; };
		195555281BF7CF2300873A7C /* GameMapViewController.swift */ = {isa = PBXFileReference; fileEncoding = 4; lastKnownFileType = sourcecode.swift; path = GameMapViewController.swift; sourceTree = "<group>"; };
		1955552A1BF7CF4D00873A7C /* BaseLoginViewController.swift */ = {isa = PBXFileReference; fileEncoding = 4; lastKnownFileType = sourcecode.swift; path = BaseLoginViewController.swift; sourceTree = "<group>"; };
		1955552C1BF7D05500873A7C /* AssassinMapView.swift */ = {isa = PBXFileReference; fileEncoding = 4; lastKnownFileType = sourcecode.swift; path = AssassinMapView.swift; sourceTree = "<group>"; };
		1955552F1BF7D09F00873A7C /* Victim.swift */ = {isa = PBXFileReference; fileEncoding = 4; lastKnownFileType = sourcecode.swift; path = Victim.swift; sourceTree = "<group>"; };
		195555311BF7D0A700873A7C /* Assassin.swift */ = {isa = PBXFileReference; fileEncoding = 4; lastKnownFileType = sourcecode.swift; path = Assassin.swift; sourceTree = "<group>"; };
		195555331BF7D0B800873A7C /* SafePlace.swift */ = {isa = PBXFileReference; fileEncoding = 4; lastKnownFileType = sourcecode.swift; path = SafePlace.swift; sourceTree = "<group>"; };
		195555351BF7D12200873A7C /* BaseMapView.swift */ = {isa = PBXFileReference; fileEncoding = 4; lastKnownFileType = sourcecode.swift; path = BaseMapView.swift; sourceTree = "<group>"; };
		195555371BF7D4BC00873A7C /* GlobalConstantsSwift.swift */ = {isa = PBXFileReference; fileEncoding = 4; lastKnownFileType = sourcecode.swift; path = GlobalConstantsSwift.swift; sourceTree = "<group>"; };
		195555391BF7D59200873A7C /* VictimAnnotation.swift */ = {isa = PBXFileReference; fileEncoding = 4; indentWidth = 5; lastKnownFileType = sourcecode.swift; path = VictimAnnotation.swift; sourceTree = "<group>"; };
		1955553B1BF7DE1800873A7C /* GeolocationHelper.h */ = {isa = PBXFileReference; fileEncoding = 4; lastKnownFileType = sourcecode.c.h; path = GeolocationHelper.h; sourceTree = "<group>"; };
		1955553C1BF7DE1800873A7C /* GeolocationHelper.m */ = {isa = PBXFileReference; fileEncoding = 4; lastKnownFileType = sourcecode.c.objc; path = GeolocationHelper.m; sourceTree = "<group>"; };
		1955553E1BF7DE5700873A7C /* CoreGraphics.framework */ = {isa = PBXFileReference; lastKnownFileType = wrapper.framework; name = CoreGraphics.framework; path = System/Library/Frameworks/CoreGraphics.framework; sourceTree = SDKROOT; };
		19F8F3191BF7A2B5009F199B /* AssassinVictim.app */ = {isa = PBXFileReference; explicitFileType = wrapper.application; includeInIndex = 0; path = AssassinVictim.app; sourceTree = BUILT_PRODUCTS_DIR; };
		19F8F31C1BF7A2B5009F199B /* AppDelegate.swift */ = {isa = PBXFileReference; lastKnownFileType = sourcecode.swift; path = AppDelegate.swift; sourceTree = "<group>"; };
		19F8F31E1BF7A2B5009F199B /* LoginViewController.swift */ = {isa = PBXFileReference; lastKnownFileType = sourcecode.swift; path = LoginViewController.swift; sourceTree = "<group>"; };
		19F8F3211BF7A2B5009F199B /* Base */ = {isa = PBXFileReference; lastKnownFileType = file.storyboard; name = Base; path = Base.lproj/Main.storyboard; sourceTree = "<group>"; };
		19F8F3241BF7A2B5009F199B /* AssassinVictim.xcdatamodel */ = {isa = PBXFileReference; lastKnownFileType = wrapper.xcdatamodel; path = AssassinVictim.xcdatamodel; sourceTree = "<group>"; };
		19F8F3261BF7A2B5009F199B /* Assets.xcassets */ = {isa = PBXFileReference; lastKnownFileType = folder.assetcatalog; path = Assets.xcassets; sourceTree = "<group>"; };
		19F8F3291BF7A2B5009F199B /* Base */ = {isa = PBXFileReference; lastKnownFileType = file.storyboard; name = Base; path = Base.lproj/LaunchScreen.storyboard; sourceTree = "<group>"; };
		19F8F32B1BF7A2B5009F199B /* Info.plist */ = {isa = PBXFileReference; lastKnownFileType = text.plist.xml; path = Info.plist; sourceTree = "<group>"; };
		19F8F3301BF7A2B6009F199B /* AssassinVictimTests.xctest */ = {isa = PBXFileReference; explicitFileType = wrapper.cfbundle; includeInIndex = 0; path = AssassinVictimTests.xctest; sourceTree = BUILT_PRODUCTS_DIR; };
		19F8F3341BF7A2B6009F199B /* AssassinVictimTests.swift */ = {isa = PBXFileReference; lastKnownFileType = sourcecode.swift; path = AssassinVictimTests.swift; sourceTree = "<group>"; };
		19F8F3361BF7A2B6009F199B /* Info.plist */ = {isa = PBXFileReference; lastKnownFileType = text.plist.xml; path = Info.plist; sourceTree = "<group>"; };
		19F8F33B1BF7A2B6009F199B /* AssassinVictimUITests.xctest */ = {isa = PBXFileReference; explicitFileType = wrapper.cfbundle; includeInIndex = 0; path = AssassinVictimUITests.xctest; sourceTree = BUILT_PRODUCTS_DIR; };
		19F8F33F1BF7A2B6009F199B /* AssassinVictimUITests.swift */ = {isa = PBXFileReference; lastKnownFileType = sourcecode.swift; path = AssassinVictimUITests.swift; sourceTree = "<group>"; };
		19F8F3411BF7A2B6009F199B /* Info.plist */ = {isa = PBXFileReference; lastKnownFileType = text.plist.xml; path = Info.plist; sourceTree = "<group>"; };
		2952D14F299C6F80ED6E30B4 /* libPods-AssassinVictim.a */ = {isa = PBXFileReference; explicitFileType = archive.ar; includeInIndex = 0; path = "libPods-AssassinVictim.a"; sourceTree = BUILT_PRODUCTS_DIR; };
/* End PBXFileReference section */

/* Begin PBXFrameworksBuildPhase section */
		19F8F3161BF7A2B5009F199B /* Frameworks */ = {
			isa = PBXFrameworksBuildPhase;
			buildActionMask = 2147483647;
			files = (
				1955553F1BF7DE5700873A7C /* CoreGraphics.framework in Frameworks */,
				195555231BF7BD8900873A7C /* SystemConfiguration.framework in Frameworks */,
				195555211BF7BD1F00873A7C /* AudioToolbox.framework in Frameworks */,
				1955551F1BF7BD0500873A7C /* libsqlite3.0.tbd in Frameworks */,
				1955551D1BF7BCD300873A7C /* libstdc++.6.tbd in Frameworks */,
				1955551B1BF7BCC000873A7C /* libsqlite3.tbd in Frameworks */,
				195555101BF7B76900873A7C /* FBSDKCoreKit.framework in Frameworks */,
				195555171BF7B83100873A7C /* ParseUI.framework in Frameworks */,
				195555031BF7B24000873A7C /* Parse.framework in Frameworks */,
				195555121BF7B76900873A7C /* FBSDKMessengerShareKit.framework in Frameworks */,
				195555131BF7B76900873A7C /* FBSDKShareKit.framework in Frameworks */,
				195555151BF7B79100873A7C /* ParseFacebookUtilsV4.framework in Frameworks */,
				195555111BF7B76900873A7C /* FBSDKLoginKit.framework in Frameworks */,
				1955550F1BF7B76900873A7C /* FBAudienceNetwork.framework in Frameworks */,
				195555021BF7B24000873A7C /* Bolts.framework in Frameworks */,
			);
			runOnlyForDeploymentPostprocessing = 0;
		};
		19F8F32D1BF7A2B6009F199B /* Frameworks */ = {
			isa = PBXFrameworksBuildPhase;
			buildActionMask = 2147483647;
			files = (
			);
			runOnlyForDeploymentPostprocessing = 0;
		};
		19F8F3381BF7A2B6009F199B /* Frameworks */ = {
			isa = PBXFrameworksBuildPhase;
			buildActionMask = 2147483647;
			files = (
			);
			runOnlyForDeploymentPostprocessing = 0;
		};
/* End PBXFrameworksBuildPhase section */

/* Begin PBXGroup section */
		195555261BF7CEF300873A7C /* ViewControllers */ = {
			isa = PBXGroup;
			children = (
				1955552A1BF7CF4D00873A7C /* BaseLoginViewController.swift */,
				1955552C1BF7D05500873A7C /* AssassinMapView.swift */,
				195555271BF7CF0300873A7C /* Map */,
				19F8F31E1BF7A2B5009F199B /* LoginViewController.swift */,
				195555241BF7C9E800873A7C /* MainViewController.swift */,
				195555391BF7D59200873A7C /* VictimAnnotation.swift */,
			);
			name = ViewControllers;
			sourceTree = "<group>";
		};
		195555271BF7CF0300873A7C /* Map */ = {
			isa = PBXGroup;
			children = (
				195555281BF7CF2300873A7C /* GameMapViewController.swift */,
				195555351BF7D12200873A7C /* BaseMapView.swift */,
			);
			name = Map;
			sourceTree = "<group>";
		};
		1955552E1BF7D08F00873A7C /* DataModels */ = {
			isa = PBXGroup;
			children = (
				1955552F1BF7D09F00873A7C /* Victim.swift */,
				195555311BF7D0A700873A7C /* Assassin.swift */,
				195555331BF7D0B800873A7C /* SafePlace.swift */,
			);
			name = DataModels;
			sourceTree = "<group>";
		};
		195555401BF7EA3900873A7C /* Shared */ = {
			isa = PBXGroup;
			children = (
				19F8F32B1BF7A2B5009F199B /* Info.plist */,
				195555071BF7B68400873A7C /* AssassinVictim-Bridging-Header.h */,
				19F8F3231BF7A2B5009F199B /* AssassinVictim.xcdatamodeld */,
				1955553B1BF7DE1800873A7C /* GeolocationHelper.h */,
				1955553C1BF7DE1800873A7C /* GeolocationHelper.m */,
				195555371BF7D4BC00873A7C /* GlobalConstantsSwift.swift */,
			);
			name = Shared;
			sourceTree = "<group>";
		};
		195555411BF7EA4F00873A7C /* UI */ = {
			isa = PBXGroup;
			children = (
				19F8F3281BF7A2B5009F199B /* LaunchScreen.storyboard */,
				19F8F3201BF7A2B5009F199B /* Main.storyboard */,
			);
			name = UI;
			sourceTree = "<group>";
		};
		19F8F3101BF7A2B5009F199B = {
			isa = PBXGroup;
			children = (
				19F8F31B1BF7A2B5009F199B /* AssassinVictim */,
				19F8F3331BF7A2B6009F199B /* AssassinVictimTests */,
				19F8F33E1BF7A2B6009F199B /* AssassinVictimUITests */,
				19F8F31A1BF7A2B5009F199B /* Products */,
				3208F3A5E91841E26E7E2AEF /* Frameworks */,
			);
			sourceTree = "<group>";
		};
		19F8F31A1BF7A2B5009F199B /* Products */ = {
			isa = PBXGroup;
			children = (
				19F8F3191BF7A2B5009F199B /* AssassinVictim.app */,
				19F8F3301BF7A2B6009F199B /* AssassinVictimTests.xctest */,
				19F8F33B1BF7A2B6009F199B /* AssassinVictimUITests.xctest */,
			);
			name = Products;
			sourceTree = "<group>";
		};
		19F8F31B1BF7A2B5009F199B /* AssassinVictim */ = {
			isa = PBXGroup;
			children = (
				19F8F31C1BF7A2B5009F199B /* AppDelegate.swift */,
				195555401BF7EA3900873A7C /* Shared */,
				1955552E1BF7D08F00873A7C /* DataModels */,
				195555261BF7CEF300873A7C /* ViewControllers */,
				19F8F3261BF7A2B5009F199B /* Assets.xcassets */,
				195555411BF7EA4F00873A7C /* UI */,
			);
			path = AssassinVictim;
			sourceTree = "<group>";
		};
		19F8F3331BF7A2B6009F199B /* AssassinVictimTests */ = {
			isa = PBXGroup;
			children = (
				19F8F3341BF7A2B6009F199B /* AssassinVictimTests.swift */,
				19F8F3361BF7A2B6009F199B /* Info.plist */,
			);
			path = AssassinVictimTests;
			sourceTree = "<group>";
		};
		19F8F33E1BF7A2B6009F199B /* AssassinVictimUITests */ = {
			isa = PBXGroup;
			children = (
				19F8F33F1BF7A2B6009F199B /* AssassinVictimUITests.swift */,
				19F8F3411BF7A2B6009F199B /* Info.plist */,
			);
			path = AssassinVictimUITests;
			sourceTree = "<group>";
		};
		3208F3A5E91841E26E7E2AEF /* Frameworks */ = {
			isa = PBXGroup;
			children = (
				1955553E1BF7DE5700873A7C /* CoreGraphics.framework */,
				195555221BF7BD8900873A7C /* SystemConfiguration.framework */,
				195555201BF7BD1F00873A7C /* AudioToolbox.framework */,
				1955551E1BF7BD0500873A7C /* libsqlite3.0.tbd */,
				1955551C1BF7BCD300873A7C /* libstdc++.6.tbd */,
				1955551A1BF7BCC000873A7C /* libsqlite3.tbd */,
				195555161BF7B83100873A7C /* ParseUI.framework */,
				195555141BF7B79100873A7C /* ParseFacebookUtilsV4.framework */,
				195555081BF7B76900873A7C /* FacebookSDKStrings.bundle */,
				195555091BF7B76900873A7C /* FBAudienceNetwork.framework */,
				1955550A1BF7B76900873A7C /* FBSDKCoreKit.framework */,
				1955550B1BF7B76900873A7C /* FBSDKLoginKit.framework */,
				1955550C1BF7B76900873A7C /* FBSDKMessengerShareKit.framework */,
				1955550D1BF7B76900873A7C /* FBSDKShareKit.framework */,
				195555001BF7B24000873A7C /* Bolts.framework */,
				195555011BF7B24000873A7C /* Parse.framework */,
				2952D14F299C6F80ED6E30B4 /* libPods-AssassinVictim.a */,
			);
			name = Frameworks;
			sourceTree = "<group>";
		};
/* End PBXGroup section */

/* Begin PBXNativeTarget section */
		19F8F3181BF7A2B5009F199B /* AssassinVictim */ = {
			isa = PBXNativeTarget;
			buildConfigurationList = 19F8F3441BF7A2B6009F199B /* Build configuration list for PBXNativeTarget "AssassinVictim" */;
			buildPhases = (
				19F8F3151BF7A2B5009F199B /* Sources */,
				19F8F3161BF7A2B5009F199B /* Frameworks */,
				19F8F3171BF7A2B5009F199B /* Resources */,
			);
			buildRules = (
			);
			dependencies = (
			);
			name = AssassinVictim;
			productName = AssassinVictim;
			productReference = 19F8F3191BF7A2B5009F199B /* AssassinVictim.app */;
			productType = "com.apple.product-type.application";
		};
		19F8F32F1BF7A2B6009F199B /* AssassinVictimTests */ = {
			isa = PBXNativeTarget;
			buildConfigurationList = 19F8F3471BF7A2B6009F199B /* Build configuration list for PBXNativeTarget "AssassinVictimTests" */;
			buildPhases = (
				19F8F32C1BF7A2B6009F199B /* Sources */,
				19F8F32D1BF7A2B6009F199B /* Frameworks */,
				19F8F32E1BF7A2B6009F199B /* Resources */,
			);
			buildRules = (
			);
			dependencies = (
				19F8F3321BF7A2B6009F199B /* PBXTargetDependency */,
			);
			name = AssassinVictimTests;
			productName = AssassinVictimTests;
			productReference = 19F8F3301BF7A2B6009F199B /* AssassinVictimTests.xctest */;
			productType = "com.apple.product-type.bundle.unit-test";
		};
		19F8F33A1BF7A2B6009F199B /* AssassinVictimUITests */ = {
			isa = PBXNativeTarget;
			buildConfigurationList = 19F8F34A1BF7A2B6009F199B /* Build configuration list for PBXNativeTarget "AssassinVictimUITests" */;
			buildPhases = (
				19F8F3371BF7A2B6009F199B /* Sources */,
				19F8F3381BF7A2B6009F199B /* Frameworks */,
				19F8F3391BF7A2B6009F199B /* Resources */,
			);
			buildRules = (
			);
			dependencies = (
				19F8F33D1BF7A2B6009F199B /* PBXTargetDependency */,
			);
			name = AssassinVictimUITests;
			productName = AssassinVictimUITests;
			productReference = 19F8F33B1BF7A2B6009F199B /* AssassinVictimUITests.xctest */;
			productType = "com.apple.product-type.bundle.ui-testing";
		};
/* End PBXNativeTarget section */

/* Begin PBXProject section */
		19F8F3111BF7A2B5009F199B /* Project object */ = {
			isa = PBXProject;
			attributes = {
				LastSwiftUpdateCheck = 0710;
				LastUpgradeCheck = 0710;
				ORGANIZATIONNAME = "Mihriban Minaz";
				TargetAttributes = {
					19F8F3181BF7A2B5009F199B = {
						CreatedOnToolsVersion = 7.1;
					};
					19F8F32F1BF7A2B6009F199B = {
						CreatedOnToolsVersion = 7.1;
						TestTargetID = 19F8F3181BF7A2B5009F199B;
					};
					19F8F33A1BF7A2B6009F199B = {
						CreatedOnToolsVersion = 7.1;
						TestTargetID = 19F8F3181BF7A2B5009F199B;
					};
				};
			};
			buildConfigurationList = 19F8F3141BF7A2B5009F199B /* Build configuration list for PBXProject "AssassinVictim" */;
			compatibilityVersion = "Xcode 3.2";
			developmentRegion = English;
			hasScannedForEncodings = 0;
			knownRegions = (
				en,
				Base,
			);
			mainGroup = 19F8F3101BF7A2B5009F199B;
			productRefGroup = 19F8F31A1BF7A2B5009F199B /* Products */;
			projectDirPath = "";
			projectRoot = "";
			targets = (
				19F8F3181BF7A2B5009F199B /* AssassinVictim */,
				19F8F32F1BF7A2B6009F199B /* AssassinVictimTests */,
				19F8F33A1BF7A2B6009F199B /* AssassinVictimUITests */,
			);
		};
/* End PBXProject section */

/* Begin PBXResourcesBuildPhase section */
		19F8F3171BF7A2B5009F199B /* Resources */ = {
			isa = PBXResourcesBuildPhase;
			buildActionMask = 2147483647;
			files = (
				19F8F32A1BF7A2B5009F199B /* LaunchScreen.storyboard in Resources */,
				1955550E1BF7B76900873A7C /* FacebookSDKStrings.bundle in Resources */,
				19F8F3271BF7A2B5009F199B /* Assets.xcassets in Resources */,
				19F8F3221BF7A2B5009F199B /* Main.storyboard in Resources */,
			);
			runOnlyForDeploymentPostprocessing = 0;
		};
		19F8F32E1BF7A2B6009F199B /* Resources */ = {
			isa = PBXResourcesBuildPhase;
			buildActionMask = 2147483647;
			files = (
			);
			runOnlyForDeploymentPostprocessing = 0;
		};
		19F8F3391BF7A2B6009F199B /* Resources */ = {
			isa = PBXResourcesBuildPhase;
			buildActionMask = 2147483647;
			files = (
			);
			runOnlyForDeploymentPostprocessing = 0;
		};
/* End PBXResourcesBuildPhase section */

/* Begin PBXSourcesBuildPhase section */
		19F8F3151BF7A2B5009F199B /* Sources */ = {
			isa = PBXSourcesBuildPhase;
			buildActionMask = 2147483647;
			files = (
				19F8F31F1BF7A2B5009F199B /* LoginViewController.swift in Sources */,
				1955552D1BF7D05500873A7C /* AssassinMapView.swift in Sources */,
				195555341BF7D0B800873A7C /* SafePlace.swift in Sources */,
				1955553A1BF7D59200873A7C /* VictimAnnotation.swift in Sources */,
				19F8F31D1BF7A2B5009F199B /* AppDelegate.swift in Sources */,
				195555361BF7D12200873A7C /* BaseMapView.swift in Sources */,
				195555301BF7D09F00873A7C /* Victim.swift in Sources */,
				195555381BF7D4BC00873A7C /* GlobalConstantsSwift.swift in Sources */,
				195555291BF7CF2300873A7C /* GameMapViewController.swift in Sources */,
				195555321BF7D0A700873A7C /* Assassin.swift in Sources */,
				1955553D1BF7DE1800873A7C /* GeolocationHelper.m in Sources */,
				19F8F3251BF7A2B5009F199B /* AssassinVictim.xcdatamodeld in Sources */,
				195555251BF7C9E800873A7C /* MainViewController.swift in Sources */,
				1955552B1BF7CF4D00873A7C /* BaseLoginViewController.swift in Sources */,
			);
			runOnlyForDeploymentPostprocessing = 0;
		};
		19F8F32C1BF7A2B6009F199B /* Sources */ = {
			isa = PBXSourcesBuildPhase;
			buildActionMask = 2147483647;
			files = (
				19F8F3351BF7A2B6009F199B /* AssassinVictimTests.swift in Sources */,
			);
			runOnlyForDeploymentPostprocessing = 0;
		};
		19F8F3371BF7A2B6009F199B /* Sources */ = {
			isa = PBXSourcesBuildPhase;
			buildActionMask = 2147483647;
			files = (
				19F8F3401BF7A2B6009F199B /* AssassinVictimUITests.swift in Sources */,
			);
			runOnlyForDeploymentPostprocessing = 0;
		};
/* End PBXSourcesBuildPhase section */

/* Begin PBXTargetDependency section */
		19F8F3321BF7A2B6009F199B /* PBXTargetDependency */ = {
			isa = PBXTargetDependency;
			target = 19F8F3181BF7A2B5009F199B /* AssassinVictim */;
			targetProxy = 19F8F3311BF7A2B6009F199B /* PBXContainerItemProxy */;
		};
		19F8F33D1BF7A2B6009F199B /* PBXTargetDependency */ = {
			isa = PBXTargetDependency;
			target = 19F8F3181BF7A2B5009F199B /* AssassinVictim */;
			targetProxy = 19F8F33C1BF7A2B6009F199B /* PBXContainerItemProxy */;
		};
/* End PBXTargetDependency section */

/* Begin PBXVariantGroup section */
		19F8F3201BF7A2B5009F199B /* Main.storyboard */ = {
			isa = PBXVariantGroup;
			children = (
				19F8F3211BF7A2B5009F199B /* Base */,
			);
			name = Main.storyboard;
			sourceTree = "<group>";
		};
		19F8F3281BF7A2B5009F199B /* LaunchScreen.storyboard */ = {
			isa = PBXVariantGroup;
			children = (
				19F8F3291BF7A2B5009F199B /* Base */,
			);
			name = LaunchScreen.storyboard;
			sourceTree = "<group>";
		};
/* End PBXVariantGroup section */

/* Begin XCBuildConfiguration section */
		19F8F3421BF7A2B6009F199B /* Debug */ = {
			isa = XCBuildConfiguration;
			buildSettings = {
				ALWAYS_SEARCH_USER_PATHS = NO;
				CLANG_CXX_LANGUAGE_STANDARD = "gnu++0x";
				CLANG_CXX_LIBRARY = "libc++";
				CLANG_ENABLE_MODULES = YES;
				CLANG_ENABLE_OBJC_ARC = YES;
				CLANG_WARN_BOOL_CONVERSION = YES;
				CLANG_WARN_CONSTANT_CONVERSION = YES;
				CLANG_WARN_DIRECT_OBJC_ISA_USAGE = YES_ERROR;
				CLANG_WARN_EMPTY_BODY = YES;
				CLANG_WARN_ENUM_CONVERSION = YES;
				CLANG_WARN_INT_CONVERSION = YES;
				CLANG_WARN_OBJC_ROOT_CLASS = YES_ERROR;
				CLANG_WARN_UNREACHABLE_CODE = YES;
				CLANG_WARN__DUPLICATE_METHOD_MATCH = YES;
				"CODE_SIGN_IDENTITY[sdk=iphoneos*]" = "iPhone Developer";
				COPY_PHASE_STRIP = NO;
				DEBUG_INFORMATION_FORMAT = dwarf;
				ENABLE_STRICT_OBJC_MSGSEND = YES;
				ENABLE_TESTABILITY = YES;
				GCC_C_LANGUAGE_STANDARD = gnu99;
				GCC_DYNAMIC_NO_PIC = NO;
				GCC_NO_COMMON_BLOCKS = YES;
				GCC_OPTIMIZATION_LEVEL = 0;
				GCC_PREPROCESSOR_DEFINITIONS = (
					"DEBUG=1",
					"$(inherited)",
				);
				GCC_WARN_64_TO_32_BIT_CONVERSION = YES;
				GCC_WARN_ABOUT_RETURN_TYPE = YES_ERROR;
				GCC_WARN_UNDECLARED_SELECTOR = YES;
				GCC_WARN_UNINITIALIZED_AUTOS = YES_AGGRESSIVE;
				GCC_WARN_UNUSED_FUNCTION = YES;
				GCC_WARN_UNUSED_VARIABLE = YES;
				IPHONEOS_DEPLOYMENT_TARGET = 9.1;
				MTL_ENABLE_DEBUG_INFO = YES;
				ONLY_ACTIVE_ARCH = YES;
				SDKROOT = iphoneos;
				SWIFT_OPTIMIZATION_LEVEL = "-Onone";
			};
			name = Debug;
		};
		19F8F3431BF7A2B6009F199B /* Release */ = {
			isa = XCBuildConfiguration;
			buildSettings = {
				ALWAYS_SEARCH_USER_PATHS = NO;
				CLANG_CXX_LANGUAGE_STANDARD = "gnu++0x";
				CLANG_CXX_LIBRARY = "libc++";
				CLANG_ENABLE_MODULES = YES;
				CLANG_ENABLE_OBJC_ARC = YES;
				CLANG_WARN_BOOL_CONVERSION = YES;
				CLANG_WARN_CONSTANT_CONVERSION = YES;
				CLANG_WARN_DIRECT_OBJC_ISA_USAGE = YES_ERROR;
				CLANG_WARN_EMPTY_BODY = YES;
				CLANG_WARN_ENUM_CONVERSION = YES;
				CLANG_WARN_INT_CONVERSION = YES;
				CLANG_WARN_OBJC_ROOT_CLASS = YES_ERROR;
				CLANG_WARN_UNREACHABLE_CODE = YES;
				CLANG_WARN__DUPLICATE_METHOD_MATCH = YES;
				"CODE_SIGN_IDENTITY[sdk=iphoneos*]" = "iPhone Developer";
				COPY_PHASE_STRIP = NO;
				DEBUG_INFORMATION_FORMAT = "dwarf-with-dsym";
				ENABLE_NS_ASSERTIONS = NO;
				ENABLE_STRICT_OBJC_MSGSEND = YES;
				GCC_C_LANGUAGE_STANDARD = gnu99;
				GCC_NO_COMMON_BLOCKS = YES;
				GCC_WARN_64_TO_32_BIT_CONVERSION = YES;
				GCC_WARN_ABOUT_RETURN_TYPE = YES_ERROR;
				GCC_WARN_UNDECLARED_SELECTOR = YES;
				GCC_WARN_UNINITIALIZED_AUTOS = YES_AGGRESSIVE;
				GCC_WARN_UNUSED_FUNCTION = YES;
				GCC_WARN_UNUSED_VARIABLE = YES;
				IPHONEOS_DEPLOYMENT_TARGET = 9.1;
				MTL_ENABLE_DEBUG_INFO = NO;
				SDKROOT = iphoneos;
				VALIDATE_PRODUCT = YES;
			};
			name = Release;
		};
		19F8F3451BF7A2B6009F199B /* Debug */ = {
			isa = XCBuildConfiguration;
			buildSettings = {
				ASSETCATALOG_COMPILER_APPICON_NAME = AppIcon;
				FRAMEWORK_SEARCH_PATHS = (
					"$(inherited)",
					"$(PROJECT_DIR)",
				);
				INFOPLIST_FILE = AssassinVictim/Info.plist;
				IPHONEOS_DEPLOYMENT_TARGET = 8.1;
				LD_RUNPATH_SEARCH_PATHS = "$(inherited) @executable_path/Frameworks";
				PRODUCT_BUNDLE_IDENTIFIER = com.mihri.AssassinVictim;
				PRODUCT_NAME = "$(TARGET_NAME)";
				SWIFT_OBJC_BRIDGING_HEADER = "AssassinVictim/AssassinVictim-Bridging-Header.h";
			};
			name = Debug;
		};
		19F8F3461BF7A2B6009F199B /* Release */ = {
			isa = XCBuildConfiguration;
			buildSettings = {
				ASSETCATALOG_COMPILER_APPICON_NAME = AppIcon;
				FRAMEWORK_SEARCH_PATHS = (
					"$(inherited)",
					"$(PROJECT_DIR)",
				);
				INFOPLIST_FILE = AssassinVictim/Info.plist;
				IPHONEOS_DEPLOYMENT_TARGET = 8.1;
				LD_RUNPATH_SEARCH_PATHS = "$(inherited) @executable_path/Frameworks";
				PRODUCT_BUNDLE_IDENTIFIER = com.mihri.AssassinVictim;
				PRODUCT_NAME = "$(TARGET_NAME)";
				SWIFT_OBJC_BRIDGING_HEADER = "AssassinVictim/AssassinVictim-Bridging-Header.h";
			};
			name = Release;
		};
		19F8F3481BF7A2B6009F199B /* Debug */ = {
			isa = XCBuildConfiguration;
			buildSettings = {
				BUNDLE_LOADER = "$(TEST_HOST)";
				INFOPLIST_FILE = AssassinVictimTests/Info.plist;
				LD_RUNPATH_SEARCH_PATHS = "$(inherited) @executable_path/Frameworks @loader_path/Frameworks";
				PRODUCT_BUNDLE_IDENTIFIER = com.mihri.AssassinVictimTests;
				PRODUCT_NAME = "$(TARGET_NAME)";
				TEST_HOST = "$(BUILT_PRODUCTS_DIR)/AssassinVictim.app/AssassinVictim";
			};
			name = Debug;
		};
		19F8F3491BF7A2B6009F199B /* Release */ = {
			isa = XCBuildConfiguration;
			buildSettings = {
				BUNDLE_LOADER = "$(TEST_HOST)";
				INFOPLIST_FILE = AssassinVictimTests/Info.plist;
				LD_RUNPATH_SEARCH_PATHS = "$(inherited) @executable_path/Frameworks @loader_path/Frameworks";
				PRODUCT_BUNDLE_IDENTIFIER = com.mihri.AssassinVictimTests;
				PRODUCT_NAME = "$(TARGET_NAME)";
				TEST_HOST = "$(BUILT_PRODUCTS_DIR)/AssassinVictim.app/AssassinVictim";
			};
			name = Release;
		};
		19F8F34B1BF7A2B6009F199B /* Debug */ = {
			isa = XCBuildConfiguration;
			buildSettings = {
				INFOPLIST_FILE = AssassinVictimUITests/Info.plist;
				LD_RUNPATH_SEARCH_PATHS = "$(inherited) @executable_path/Frameworks @loader_path/Frameworks";
				PRODUCT_BUNDLE_IDENTIFIER = com.mihri.AssassinVictimUITests;
				PRODUCT_NAME = "$(TARGET_NAME)";
				TEST_TARGET_NAME = AssassinVictim;
				USES_XCTRUNNER = YES;
			};
			name = Debug;
		};
		19F8F34C1BF7A2B6009F199B /* Release */ = {
			isa = XCBuildConfiguration;
			buildSettings = {
				INFOPLIST_FILE = AssassinVictimUITests/Info.plist;
				LD_RUNPATH_SEARCH_PATHS = "$(inherited) @executable_path/Frameworks @loader_path/Frameworks";
				PRODUCT_BUNDLE_IDENTIFIER = com.mihri.AssassinVictimUITests;
				PRODUCT_NAME = "$(TARGET_NAME)";
				TEST_TARGET_NAME = AssassinVictim;
				USES_XCTRUNNER = YES;
			};
			name = Release;
		};
/* End XCBuildConfiguration section */

/* Begin XCConfigurationList section */
		19F8F3141BF7A2B5009F199B /* Build configuration list for PBXProject "AssassinVictim" */ = {
			isa = XCConfigurationList;
			buildConfigurations = (
				19F8F3421BF7A2B6009F199B /* Debug */,
				19F8F3431BF7A2B6009F199B /* Release */,
			);
			defaultConfigurationIsVisible = 0;
			defaultConfigurationName = Release;
		};
		19F8F3441BF7A2B6009F199B /* Build configuration list for PBXNativeTarget "AssassinVictim" */ = {
			isa = XCConfigurationList;
			buildConfigurations = (
				19F8F3451BF7A2B6009F199B /* Debug */,
				19F8F3461BF7A2B6009F199B /* Release */,
			);
			defaultConfigurationIsVisible = 0;
			defaultConfigurationName = Release;
		};
		19F8F3471BF7A2B6009F199B /* Build configuration list for PBXNativeTarget "AssassinVictimTests" */ = {
			isa = XCConfigurationList;
			buildConfigurations = (
				19F8F3481BF7A2B6009F199B /* Debug */,
				19F8F3491BF7A2B6009F199B /* Release */,
			);
			defaultConfigurationIsVisible = 0;
			defaultConfigurationName = Release;
		};
		19F8F34A1BF7A2B6009F199B /* Build configuration list for PBXNativeTarget "AssassinVictimUITests" */ = {
			isa = XCConfigurationList;
			buildConfigurations = (
				19F8F34B1BF7A2B6009F199B /* Debug */,
				19F8F34C1BF7A2B6009F199B /* Release */,
			);
			defaultConfigurationIsVisible = 0;
			defaultConfigurationName = Release;
		};
/* End XCConfigurationList section */

/* Begin XCVersionGroup section */
		19F8F3231BF7A2B5009F199B /* AssassinVictim.xcdatamodeld */ = {
			isa = XCVersionGroup;
			children = (
				19F8F3241BF7A2B5009F199B /* AssassinVictim.xcdatamodel */,
			);
			currentVersion = 19F8F3241BF7A2B5009F199B /* AssassinVictim.xcdatamodel */;
			path = AssassinVictim.xcdatamodeld;
			sourceTree = "<group>";
			versionGroupType = wrapper.xcdatamodel;
		};
/* End XCVersionGroup section */
	};
	rootObject = 19F8F3111BF7A2B5009F199B /* Project object */;
}
